// !$*UTF8*$!
{
	archiveVersion = 1;
	classes = {
	};
	objectVersion = 52;
	objects = {

/* Begin PBXBuildFile section */
		7F3828342519DC7B00E473FC /* CoreLogic in Frameworks */ = {isa = PBXBuildFile; productRef = 7F3828332519DC7B00E473FC /* CoreLogic */; };
		7FFF0D2F2508F7F100C5A93C /* AppDelegate.swift in Sources */ = {isa = PBXBuildFile; fileRef = 7FFF0D2E2508F7F100C5A93C /* AppDelegate.swift */; };
		7FFF0D332508F7F100C5A93C /* ViewController.swift in Sources */ = {isa = PBXBuildFile; fileRef = 7FFF0D322508F7F100C5A93C /* ViewController.swift */; };
		7FFF0D362508F7F100C5A93C /* Main.storyboard in Resources */ = {isa = PBXBuildFile; fileRef = 7FFF0D342508F7F100C5A93C /* Main.storyboard */; };
		7FFF0D382508F7F500C5A93C /* Assets.xcassets in Resources */ = {isa = PBXBuildFile; fileRef = 7FFF0D372508F7F500C5A93C /* Assets.xcassets */; };
		7FFF0D3B2508F7F500C5A93C /* LaunchScreen.storyboard in Resources */ = {isa = PBXBuildFile; fileRef = 7FFF0D392508F7F500C5A93C /* LaunchScreen.storyboard */; };
/* End PBXBuildFile section */

/* Begin PBXFileReference section */
		077EA428A07686F998EC9D9A /* Pods_CoreLogicRealState.framework */ = {isa = PBXFileReference; explicitFileType = wrapper.framework; includeInIndex = 0; path = Pods_CoreLogicRealState.framework; sourceTree = BUILT_PRODUCTS_DIR; };
		7F3828352519DF4B00E473FC /* CoreLogic */ = {isa = PBXFileReference; lastKnownFileType = folder; name = CoreLogic; path = ../../../CoreLogic; sourceTree = "<group>"; };
		7FFF0D2B2508F7F100C5A93C /* CoreLogicRealState.app */ = {isa = PBXFileReference; explicitFileType = wrapper.application; includeInIndex = 0; path = CoreLogicRealState.app; sourceTree = BUILT_PRODUCTS_DIR; };
		7FFF0D2E2508F7F100C5A93C /* AppDelegate.swift */ = {isa = PBXFileReference; lastKnownFileType = sourcecode.swift; path = AppDelegate.swift; sourceTree = "<group>"; };
		7FFF0D322508F7F100C5A93C /* ViewController.swift */ = {isa = PBXFileReference; lastKnownFileType = sourcecode.swift; path = ViewController.swift; sourceTree = "<group>"; };
		7FFF0D352508F7F100C5A93C /* Base */ = {isa = PBXFileReference; lastKnownFileType = file.storyboard; name = Base; path = Base.lproj/Main.storyboard; sourceTree = "<group>"; };
		7FFF0D372508F7F500C5A93C /* Assets.xcassets */ = {isa = PBXFileReference; lastKnownFileType = folder.assetcatalog; path = Assets.xcassets; sourceTree = "<group>"; };
		7FFF0D3A2508F7F500C5A93C /* Base */ = {isa = PBXFileReference; lastKnownFileType = file.storyboard; name = Base; path = Base.lproj/LaunchScreen.storyboard; sourceTree = "<group>"; };
		7FFF0D3C2508F7F500C5A93C /* Info.plist */ = {isa = PBXFileReference; lastKnownFileType = text.plist.xml; path = Info.plist; sourceTree = "<group>"; };
/* End PBXFileReference section */

/* Begin PBXFrameworksBuildPhase section */
		7FFF0D282508F7F100C5A93C /* Frameworks */ = {
			isa = PBXFrameworksBuildPhase;
			buildActionMask = 2147483647;
			files = (
				7F3828342519DC7B00E473FC /* CoreLogic in Frameworks */,
			);
			runOnlyForDeploymentPostprocessing = 0;
		};
/* End PBXFrameworksBuildPhase section */

/* Begin PBXGroup section */
		4BC7EA310E5C6EBD502775E7 /* Frameworks */ = {
			isa = PBXGroup;
			children = (
				077EA428A07686F998EC9D9A /* Pods_CoreLogicRealState.framework */,
			);
			name = Frameworks;
			sourceTree = "<group>";
		};
		7FFF0D222508F7F100C5A93C = {
			isa = PBXGroup;
			children = (
				7F3828352519DF4B00E473FC /* CoreLogic */,
				7FFF0D2D2508F7F100C5A93C /* CoreLogicRealState */,
				7FFF0D2C2508F7F100C5A93C /* Products */,
				4BC7EA310E5C6EBD502775E7 /* Frameworks */,
			);
			sourceTree = "<group>";
		};
		7FFF0D2C2508F7F100C5A93C /* Products */ = {
			isa = PBXGroup;
			children = (
				7FFF0D2B2508F7F100C5A93C /* CoreLogicRealState.app */,
			);
			name = Products;
			sourceTree = "<group>";
		};
		7FFF0D2D2508F7F100C5A93C /* CoreLogicRealState */ = {
			isa = PBXGroup;
			children = (
				7FFF0D2E2508F7F100C5A93C /* AppDelegate.swift */,
				7FFF0D322508F7F100C5A93C /* ViewController.swift */,
				7FFF0D342508F7F100C5A93C /* Main.storyboard */,
				7FFF0D372508F7F500C5A93C /* Assets.xcassets */,
				7FFF0D392508F7F500C5A93C /* LaunchScreen.storyboard */,
				7FFF0D3C2508F7F500C5A93C /* Info.plist */,
			);
			path = CoreLogicRealState;
			sourceTree = "<group>";
		};
/* End PBXGroup section */

/* Begin PBXNativeTarget section */
		7FFF0D2A2508F7F100C5A93C /* CoreLogicRealState */ = {
			isa = PBXNativeTarget;
			buildConfigurationList = 7FFF0D3F2508F7F500C5A93C /* Build configuration list for PBXNativeTarget "CoreLogicRealState" */;
			buildPhases = (
				7FFF0D272508F7F100C5A93C /* Sources */,
				7FFF0D282508F7F100C5A93C /* Frameworks */,
				7FFF0D292508F7F100C5A93C /* Resources */,
			);
			buildRules = (
			);
			dependencies = (
			);
			name = CoreLogicRealState;
			packageProductDependencies = (
				7F3828332519DC7B00E473FC /* CoreLogic */,
			);
			productName = CoreLogicRealState;
			productReference = 7FFF0D2B2508F7F100C5A93C /* CoreLogicRealState.app */;
			productType = "com.apple.product-type.application";
		};
/* End PBXNativeTarget section */

/* Begin PBXProject section */
		7FFF0D232508F7F100C5A93C /* Project object */ = {
			isa = PBXProject;
			attributes = {
				LastSwiftUpdateCheck = 1160;
				LastUpgradeCheck = 1160;
				ORGANIZATIONNAME = Mobilecoderz;
				TargetAttributes = {
					7FFF0D2A2508F7F100C5A93C = {
						CreatedOnToolsVersion = 11.6;
					};
				};
			};
			buildConfigurationList = 7FFF0D262508F7F100C5A93C /* Build configuration list for PBXProject "CoreLogicRealState" */;
			compatibilityVersion = "Xcode 9.3";
			developmentRegion = en;
			hasScannedForEncodings = 0;
			knownRegions = (
				en,
				Base,
			);
			mainGroup = 7FFF0D222508F7F100C5A93C;
			packageReferences = (
				7F3828322519DC7B00E473FC /* XCRemoteSwiftPackageReference "CoreLogic" */,
			);
			productRefGroup = 7FFF0D2C2508F7F100C5A93C /* Products */;
			projectDirPath = "";
			projectRoot = "";
			targets = (
				7FFF0D2A2508F7F100C5A93C /* CoreLogicRealState */,
			);
		};
/* End PBXProject section */

/* Begin PBXResourcesBuildPhase section */
		7FFF0D292508F7F100C5A93C /* Resources */ = {
			isa = PBXResourcesBuildPhase;
			buildActionMask = 2147483647;
			files = (
				7FFF0D3B2508F7F500C5A93C /* LaunchScreen.storyboard in Resources */,
				7FFF0D382508F7F500C5A93C /* Assets.xcassets in Resources */,
				7FFF0D362508F7F100C5A93C /* Main.storyboard in Resources */,
			);
			runOnlyForDeploymentPostprocessing = 0;
		};
/* End PBXResourcesBuildPhase section */

/* Begin PBXSourcesBuildPhase section */
		7FFF0D272508F7F100C5A93C /* Sources */ = {
			isa = PBXSourcesBuildPhase;
			buildActionMask = 2147483647;
			files = (
				7FFF0D332508F7F100C5A93C /* ViewController.swift in Sources */,
				7FFF0D2F2508F7F100C5A93C /* AppDelegate.swift in Sources */,
			);
			runOnlyForDeploymentPostprocessing = 0;
		};
/* End PBXSourcesBuildPhase section */

/* Begin PBXVariantGroup section */
		7FFF0D342508F7F100C5A93C /* Main.storyboard */ = {
			isa = PBXVariantGroup;
			children = (
				7FFF0D352508F7F100C5A93C /* Base */,
			);
			name = Main.storyboard;
			sourceTree = "<group>";
		};
		7FFF0D392508F7F500C5A93C /* LaunchScreen.storyboard */ = {
			isa = PBXVariantGroup;
			children = (
				7FFF0D3A2508F7F500C5A93C /* Base */,
			);
			name = LaunchScreen.storyboard;
			sourceTree = "<group>";
		};
/* End PBXVariantGroup section */

/* Begin XCBuildConfiguration section */
		7FFF0D3D2508F7F500C5A93C /* Debug */ = {
			isa = XCBuildConfiguration;
			buildSettings = {
				ALWAYS_SEARCH_USER_PATHS = NO;
				CLANG_ANALYZER_NONNULL = YES;
				CLANG_ANALYZER_NUMBER_OBJECT_CONVERSION = YES_AGGRESSIVE;
				CLANG_CXX_LANGUAGE_STANDARD = "gnu++14";
				CLANG_CXX_LIBRARY = "libc++";
				CLANG_ENABLE_MODULES = YES;
				CLANG_ENABLE_OBJC_ARC = YES;
				CLANG_ENABLE_OBJC_WEAK = YES;
				CLANG_WARN_BLOCK_CAPTURE_AUTORELEASING = YES;
				CLANG_WARN_BOOL_CONVERSION = YES;
				CLANG_WARN_COMMA = YES;
				CLANG_WARN_CONSTANT_CONVERSION = YES;
				CLANG_WARN_DEPRECATED_OBJC_IMPLEMENTATIONS = YES;
				CLANG_WARN_DIRECT_OBJC_ISA_USAGE = YES_ERROR;
				CLANG_WARN_DOCUMENTATION_COMMENTS = YES;
				CLANG_WARN_EMPTY_BODY = YES;
				CLANG_WARN_ENUM_CONVERSION = YES;
				CLANG_WARN_INFINITE_RECURSION = YES;
				CLANG_WARN_INT_CONVERSION = YES;
				CLANG_WARN_NON_LITERAL_NULL_CONVERSION = YES;
				CLANG_WARN_OBJC_IMPLICIT_RETAIN_SELF = YES;
				CLANG_WARN_OBJC_LITERAL_CONVERSION = YES;
				CLANG_WARN_OBJC_ROOT_CLASS = YES_ERROR;
				CLANG_WARN_RANGE_LOOP_ANALYSIS = YES;
				CLANG_WARN_STRICT_PROTOTYPES = YES;
				CLANG_WARN_SUSPICIOUS_MOVE = YES;
				CLANG_WARN_UNGUARDED_AVAILABILITY = YES_AGGRESSIVE;
				CLANG_WARN_UNREACHABLE_CODE = YES;
				CLANG_WARN__DUPLICATE_METHOD_MATCH = YES;
				COPY_PHASE_STRIP = NO;
				DEBUG_INFORMATION_FORMAT = dwarf;
				ENABLE_STRICT_OBJC_MSGSEND = YES;
				ENABLE_TESTABILITY = YES;
				GCC_C_LANGUAGE_STANDARD = gnu11;
				GCC_DYNAMIC_NO_PIC = NO;
				GCC_NO_COMMON_BLOCKS = YES;
				GCC_OPTIMIZATION_LEVEL = 0;
				GCC_PREPROCESSOR_DEFINITIONS = (
					"DEBUG=1",
					"$(inherited)",
				);
				GCC_WARN_64_TO_32_BIT_CONVERSION = YES;
				GCC_WARN_ABOUT_RETURN_TYPE = YES_ERROR;
				GCC_WARN_UNDECLARED_SELECTOR = YES;
				GCC_WARN_UNINITIALIZED_AUTOS = YES_AGGRESSIVE;
				GCC_WARN_UNUSED_FUNCTION = YES;
				GCC_WARN_UNUSED_VARIABLE = YES;
				IPHONEOS_DEPLOYMENT_TARGET = 13.6;
				MTL_ENABLE_DEBUG_INFO = INCLUDE_SOURCE;
				MTL_FAST_MATH = YES;
				ONLY_ACTIVE_ARCH = YES;
				SDKROOT = iphoneos;
				SWIFT_ACTIVE_COMPILATION_CONDITIONS = DEBUG;
				SWIFT_OPTIMIZATION_LEVEL = "-Onone";
			};
			name = Debug;
		};
		7FFF0D3E2508F7F500C5A93C /* Release */ = {
			isa = XCBuildConfiguration;
			buildSettings = {
				ALWAYS_SEARCH_USER_PATHS = NO;
				CLANG_ANALYZER_NONNULL = YES;
				CLANG_ANALYZER_NUMBER_OBJECT_CONVERSION = YES_AGGRESSIVE;
				CLANG_CXX_LANGUAGE_STANDARD = "gnu++14";
				CLANG_CXX_LIBRARY = "libc++";
				CLANG_ENABLE_MODULES = YES;
				CLANG_ENABLE_OBJC_ARC = YES;
				CLANG_ENABLE_OBJC_WEAK = YES;
				CLANG_WARN_BLOCK_CAPTURE_AUTORELEASING = YES;
				CLANG_WARN_BOOL_CONVERSION = YES;
				CLANG_WARN_COMMA = YES;
				CLANG_WARN_CONSTANT_CONVERSION = YES;
				CLANG_WARN_DEPRECATED_OBJC_IMPLEMENTATIONS = YES;
				CLANG_WARN_DIRECT_OBJC_ISA_USAGE = YES_ERROR;
				CLANG_WARN_DOCUMENTATION_COMMENTS = YES;
				CLANG_WARN_EMPTY_BODY = YES;
				CLANG_WARN_ENUM_CONVERSION = YES;
				CLANG_WARN_INFINITE_RECURSION = YES;
				CLANG_WARN_INT_CONVERSION = YES;
				CLANG_WARN_NON_LITERAL_NULL_CONVERSION = YES;
				CLANG_WARN_OBJC_IMPLICIT_RETAIN_SELF = YES;
				CLANG_WARN_OBJC_LITERAL_CONVERSION = YES;
				CLANG_WARN_OBJC_ROOT_CLASS = YES_ERROR;
				CLANG_WARN_RANGE_LOOP_ANALYSIS = YES;
				CLANG_WARN_STRICT_PROTOTYPES = YES;
				CLANG_WARN_SUSPICIOUS_MOVE = YES;
				CLANG_WARN_UNGUARDED_AVAILABILITY = YES_AGGRESSIVE;
				CLANG_WARN_UNREACHABLE_CODE = YES;
				CLANG_WARN__DUPLICATE_METHOD_MATCH = YES;
				COPY_PHASE_STRIP = NO;
				DEBUG_INFORMATION_FORMAT = "dwarf-with-dsym";
				ENABLE_NS_ASSERTIONS = NO;
				ENABLE_STRICT_OBJC_MSGSEND = YES;
				GCC_C_LANGUAGE_STANDARD = gnu11;
				GCC_NO_COMMON_BLOCKS = YES;
				GCC_WARN_64_TO_32_BIT_CONVERSION = YES;
				GCC_WARN_ABOUT_RETURN_TYPE = YES_ERROR;
				GCC_WARN_UNDECLARED_SELECTOR = YES;
				GCC_WARN_UNINITIALIZED_AUTOS = YES_AGGRESSIVE;
				GCC_WARN_UNUSED_FUNCTION = YES;
				GCC_WARN_UNUSED_VARIABLE = YES;
				IPHONEOS_DEPLOYMENT_TARGET = 13.6;
				MTL_ENABLE_DEBUG_INFO = NO;
				MTL_FAST_MATH = YES;
				SDKROOT = iphoneos;
				SWIFT_COMPILATION_MODE = wholemodule;
				SWIFT_OPTIMIZATION_LEVEL = "-O";
				VALIDATE_PRODUCT = YES;
			};
			name = Release;
		};
		7FFF0D402508F7F500C5A93C /* Debug */ = {
			isa = XCBuildConfiguration;
			buildSettings = {
				ASSETCATALOG_COMPILER_APPICON_NAME = AppIcon;
				CODE_SIGN_STYLE = Manual;
				DEVELOPMENT_TEAM = "";
				INFOPLIST_FILE = CoreLogicRealState/Info.plist;
				IPHONEOS_DEPLOYMENT_TARGET = 11.0;
				LD_RUNPATH_SEARCH_PATHS = (
					"$(inherited)",
					"@executable_path/Frameworks",
				);
				PRODUCT_BUNDLE_IDENTIFIER = com.mobilecoderz.CoreLogicRealState;
				PRODUCT_NAME = "$(TARGET_NAME)";
				PROVISIONING_PROFILE_SPECIFIER = "";
				SWIFT_VERSION = 5.0;
				TARGETED_DEVICE_FAMILY = 1;
			};
			name = Debug;
		};
		7FFF0D412508F7F500C5A93C /* Release */ = {
			isa = XCBuildConfiguration;
			buildSettings = {
				ASSETCATALOG_COMPILER_APPICON_NAME = AppIcon;
				CODE_SIGN_STYLE = Manual;
				DEVELOPMENT_TEAM = "";
				INFOPLIST_FILE = CoreLogicRealState/Info.plist;
				IPHONEOS_DEPLOYMENT_TARGET = 11.0;
				LD_RUNPATH_SEARCH_PATHS = (
					"$(inherited)",
					"@executable_path/Frameworks",
				);
				PRODUCT_BUNDLE_IDENTIFIER = com.mobilecoderz.CoreLogicRealState;
				PRODUCT_NAME = "$(TARGET_NAME)";
				PROVISIONING_PROFILE_SPECIFIER = "";
				SWIFT_VERSION = 5.0;
				TARGETED_DEVICE_FAMILY = 1;
			};
			name = Release;
		};
/* End XCBuildConfiguration section */

/* Begin XCConfigurationList section */
		7FFF0D262508F7F100C5A93C /* Build configuration list for PBXProject "CoreLogicRealState" */ = {
			isa = XCConfigurationList;
			buildConfigurations = (
				7FFF0D3D2508F7F500C5A93C /* Debug */,
				7FFF0D3E2508F7F500C5A93C /* Release */,
			);
			defaultConfigurationIsVisible = 0;
			defaultConfigurationName = Release;
		};
		7FFF0D3F2508F7F500C5A93C /* Build configuration list for PBXNativeTarget "CoreLogicRealState" */ = {
			isa = XCConfigurationList;
			buildConfigurations = (
				7FFF0D402508F7F500C5A93C /* Debug */,
				7FFF0D412508F7F500C5A93C /* Release */,
			);
			defaultConfigurationIsVisible = 0;
			defaultConfigurationName = Release;
		};
/* End XCConfigurationList section */

/* Begin XCRemoteSwiftPackageReference section */
		7F3828322519DC7B00E473FC /* XCRemoteSwiftPackageReference "CoreLogic" */ = {
			isa = XCRemoteSwiftPackageReference;
			repositoryURL = "https://github.com/VikkyTheDev/CoreLogic.git";
			requirement = {
				kind = upToNextMajorVersion;
				minimumVersion = 1.0.0;
			};
		};
/* End XCRemoteSwiftPackageReference section */

/* Begin XCSwiftPackageProductDependency section */
		7F3828332519DC7B00E473FC /* CoreLogic */ = {
			isa = XCSwiftPackageProductDependency;
			package = 7F3828322519DC7B00E473FC /* XCRemoteSwiftPackageReference "CoreLogic" */;
			productName = CoreLogic;
		};
/* End XCSwiftPackageProductDependency section */
	};
	rootObject = 7FFF0D232508F7F100C5A93C /* Project object */;
}
